
Microsoft Visual Studio Solution File, Format Version 12.00
Project("{FAE04EC0-301F-11D3-BF4B-00C04F79EFBC}") = "plan4day", "plan4day\plan4day.csproj", "{636F2015-BD38-4DC2-AD0D-4B96C8B811B7}"
EndProject
Project("{FAE04EC0-301F-11D3-BF4B-00C04F79EFBC}") = "Data", "Data\Data.csproj", "{946B3267-D20D-4CE8-AF1D-3E92850D8F26}"
EndProject
Global
	GlobalSection(SolutionConfigurationPlatforms) = preSolution
		Debug|Any CPU = Debug|Any CPU
		Release|Any CPU = Release|Any CPU
	EndGlobalSection
	GlobalSection(ProjectConfigurationPlatforms) = postSolution
		{636F2015-BD38-4DC2-AD0D-4B96C8B811B7}.Debug|Any CPU.ActiveCfg = Debug|Any CPU
		{636F2015-BD38-4DC2-AD0D-4B96C8B811B7}.Debug|Any CPU.Build.0 = Debug|Any CPU
		{636F2015-BD38-4DC2-AD0D-4B96C8B811B7}.Release|Any CPU.ActiveCfg = Release|Any CPU
		{636F2015-BD38-4DC2-AD0D-4B96C8B811B7}.Release|Any CPU.Build.0 = Release|Any CPU
		{946B3267-D20D-4CE8-AF1D-3E92850D8F26}.Debug|Any CPU.ActiveCfg = Debug|Any CPU
		{946B3267-D20D-4CE8-AF1D-3E92850D8F26}.Debug|Any CPU.Build.0 = Debug|Any CPU
		{946B3267-D20D-4CE8-AF1D-3E92850D8F26}.Release|Any CPU.ActiveCfg = Release|Any CPU
		{946B3267-D20D-4CE8-AF1D-3E92850D8F26}.Release|Any CPU.Build.0 = Release|Any CPU
	EndGlobalSection
EndGlobal
